
Microsoft Visual Studio Solution File, Format Version 12.00
# Visual Studio Version 17
VisualStudioVersion = 17.9.34728.123
MinimumVisualStudioVersion = 10.0.40219.1
Project("{FAE04EC0-301F-11D3-BF4B-00C04F79EFBC}") = "ConsoleAppDZ8", "ConsoleAppDZ8.csproj", "{08CDD90C-184A-4D19-9C31-984F6D7C29B4}"
EndProject
Global
	GlobalSection(SolutionConfigurationPlatforms) = preSolution
		Debug|Any CPU = Debug|Any CPU
		Release|Any CPU = Release|Any CPU
	EndGlobalSection
	GlobalSection(ProjectConfigurationPlatforms) = postSolution
		{08CDD90C-184A-4D19-9C31-984F6D7C29B4}.Debug|Any CPU.ActiveCfg = Debug|Any CPU
		{08CDD90C-184A-4D19-9C31-984F6D7C29B4}.Debug|Any CPU.Build.0 = Debug|Any CPU
		{08CDD90C-184A-4D19-9C31-984F6D7C29B4}.Release|Any CPU.ActiveCfg = Release|Any CPU
		{08CDD90C-184A-4D19-9C31-984F6D7C29B4}.Release|Any CPU.Build.0 = Release|Any CPU
	EndGlobalSection
	GlobalSection(SolutionProperties) = preSolution
		HideSolutionNode = FALSE
	EndGlobalSection
	GlobalSection(ExtensibilityGlobals) = postSolution
		SolutionGuid = {C663D63B-C95C-41A3-936F-EF3719354547}
	EndGlobalSection
EndGlobal
